lockfileVersion: 5.3

specifiers:
  csv-parser: ^3.0.0
  node-fetch: ^3.1.0
  pg: ^8.7.1

dependencies:
  csv-parser: 3.0.0
  node-fetch: 3.1.0
  pg: 8.7.1

packages:

  /buffer-writer/2.0.0:
    resolution: {integrity: sha512-a7ZpuTZU1TRtnwyCNW3I5dc0wWNC3VR9S++Ewyk2HHZdrO3CQJqSpd+95Us590V6AL7JqUAH2IwZ/398PmNFgw==}
    engines: {node: '>=4'}
    dev: false

  /csv-parser/3.0.0:
    resolution: {integrity: sha512-s6OYSXAK3IdKqYO33y09jhypG/bSDHPuyCme/IdEHfWpLf/jKcpitVFyOC6UemgGk8v7Q5u2XE0vvwmanxhGlQ==}
    engines: {node: '>= 10'}
    hasBin: true
    dependencies:
      minimist: 1.2.5
    dev: false

  /data-uri-to-buffer/4.0.0:
    resolution: {integrity: sha512-Vr3mLBA8qWmcuschSLAOogKgQ/Jwxulv3RNE4FXnYWRGujzrRWQI4m12fQqRkwX06C0KanhLr4hK+GydchZsaA==}
    engines: {node: '>= 12'}
    dev: false

  /fetch-blob/3.1.3:
    resolution: {integrity: sha512-ax1Y5I9w+9+JiM+wdHkhBoxew+zG4AJ2SvAD1v1szpddUIiPERVGBxrMcB2ZqW0Y3PP8bOWYv2zqQq1Jp2kqUQ==}
    engines: {node: ^12.20 || >= 14.13}
    dependencies:
      web-streams-polyfill: 3.2.0
    dev: false

  /formdata-polyfill/4.0.10:
    resolution: {integrity: sha512-buewHzMvYL29jdeQTVILecSaZKnt/RJWjoZCF5OW60Z67/GmSLBkOFM7qh1PI3zFNtJbaZL5eQu1vLfazOwj4g==}
    engines: {node: '>=12.20.0'}
    dependencies:
      fetch-blob: 3.1.3
    dev: false

  /minimist/1.2.5:
    resolution: {integrity: sha512-FM9nNUYrRBAELZQT3xeZQ7fmMOBg6nWNmJKTcgsJeaLstP/UODVpGsr5OhXhhXg6f+qtJ8uiZ+PUxkDWcgIXLw==}
    dev: false

  /node-fetch/3.1.0:
    resolution: {integrity: sha512-QU0WbIfMUjd5+MUzQOYhenAazakV7Irh1SGkWCsRzBwvm4fAhzEUaHMJ6QLP7gWT6WO9/oH2zhKMMGMuIrDyKw==}
    engines: {node: ^12.20.0 || ^14.13.1 || >=16.0.0}
    dependencies:
      data-uri-to-buffer: 4.0.0
      fetch-blob: 3.1.3
      formdata-polyfill: 4.0.10
    dev: false

  /packet-reader/1.0.0:
    resolution: {integrity: sha512-HAKu/fG3HpHFO0AA8WE8q2g+gBJaZ9MG7fcKk+IJPLTGAD6Psw4443l+9DGRbOIh3/aXr7Phy0TjilYivJo5XQ==}
    dev: false

  /pg-connection-string/2.5.0:
    resolution: {integrity: sha512-r5o/V/ORTA6TmUnyWZR9nCj1klXCO2CEKNRlVuJptZe85QuhFayC7WeMic7ndayT5IRIR0S0xFxFi2ousartlQ==}
    dev: false

  /pg-int8/1.0.1:
    resolution: {integrity: sha512-WCtabS6t3c8SkpDBUlb1kjOs7l66xsGdKpIPZsg4wR+B3+u9UAum2odSsF9tnvxg80h4ZxLWMy4pRjOsFIqQpw==}
    engines: {node: '>=4.0.0'}
    dev: false

  /pg-pool/3.4.1_pg@8.7.1:
    resolution: {integrity: sha512-TVHxR/gf3MeJRvchgNHxsYsTCHQ+4wm3VIHSS19z8NC0+gioEhq1okDY1sm/TYbfoP6JLFx01s0ShvZ3puP/iQ==}
    peerDependencies:
      pg: '>=8.0'
    dependencies:
      pg: 8.7.1
    dev: false

  /pg-protocol/1.5.0:
    resolution: {integrity: sha512-muRttij7H8TqRNu/DxrAJQITO4Ac7RmX3Klyr/9mJEOBeIpgnF8f9jAfRz5d3XwQZl5qBjF9gLsUtMPJE0vezQ==}
    dev: false

  /pg-types/2.2.0:
    resolution: {integrity: sha512-qTAAlrEsl8s4OiEQY69wDvcMIdQN6wdz5ojQiOy6YRMuynxenON0O5oCpJI6lshc6scgAY8qvJ2On/p+CXY0GA==}
    engines: {node: '>=4'}
    dependencies:
      pg-int8: 1.0.1
      postgres-array: 2.0.0
      postgres-bytea: 1.0.0
      postgres-date: 1.0.7
      postgres-interval: 1.2.0
    dev: false

  /pg/8.7.1:
    resolution: {integrity: sha512-7bdYcv7V6U3KAtWjpQJJBww0UEsWuh4yQ/EjNf2HeO/NnvKjpvhEIe/A/TleP6wtmSKnUnghs5A9jUoK6iDdkA==}
    engines: {node: '>= 8.0.0'}
    peerDependencies:
      pg-native: '>=2.0.0'
    peerDependenciesMeta:
      pg-native:
        optional: true
    dependencies:
      buffer-writer: 2.0.0
      packet-reader: 1.0.0
      pg-connection-string: 2.5.0
      pg-pool: 3.4.1_pg@8.7.1
      pg-protocol: 1.5.0
      pg-types: 2.2.0
      pgpass: 1.0.5
    dev: false

  /pgpass/1.0.5:
    resolution: {integrity: sha512-FdW9r/jQZhSeohs1Z3sI1yxFQNFvMcnmfuj4WBMUTxOrAyLMaTcE1aAMBiTlbMNaXvBCQuVi0R7hd8udDSP7ug==}
    dependencies:
      split2: 4.1.0
    dev: false

  /postgres-array/2.0.0:
    resolution: {integrity: sha512-VpZrUqU5A69eQyW2c5CA1jtLecCsN2U/bD6VilrFDWq5+5UIEVO7nazS3TEcHf1zuPYO/sqGvUvW62g86RXZuA==}
    engines: {node: '>=4'}
    dev: false

  /postgres-bytea/1.0.0:
    resolution: {integrity: sha1-AntTPAqokOJtFy1Hz5zOzFIazTU=}
    engines: {node: '>=0.10.0'}
    dev: false

  /postgres-date/1.0.7:
    resolution: {integrity: sha512-suDmjLVQg78nMK2UZ454hAG+OAW+HQPZ6n++TNDUX+L0+uUlLywnoxJKDou51Zm+zTCjrCl0Nq6J9C5hP9vK/Q==}
    engines: {node: '>=0.10.0'}
    dev: false

  /postgres-interval/1.2.0:
    resolution: {integrity: sha512-9ZhXKM/rw350N1ovuWHbGxnGh/SNJ4cnxHiM0rxE4VN41wsg8P8zWn9hv/buK00RP4WvlOyr/RBDiptyxVbkZQ==}
    engines: {node: '>=0.10.0'}
    dependencies:
      xtend: 4.0.2
    dev: false

  /split2/4.1.0:
    resolution: {integrity: sha512-VBiJxFkxiXRlUIeyMQi8s4hgvKCSjtknJv/LVYbrgALPwf5zSKmEwV9Lst25AkvMDnvxODugjdl6KZgwKM1WYQ==}
    engines: {node: '>= 10.x'}
    dev: false

  /web-streams-polyfill/3.2.0:
    resolution: {integrity: sha512-EqPmREeOzttaLRm5HS7io98goBgZ7IVz79aDvqjD0kYXLtFZTc0T/U6wHTPKyIjb+MdN7DFIIX6hgdBEpWmfPA==}
    engines: {node: '>= 8'}
    dev: false

  /xtend/4.0.2:
    resolution: {integrity: sha512-LKYU1iAXJXUgAXn9URjiu+MWhyUXHsvfp7mcuYm9dSUKK0/CjtrUwFAxD82/mCWbtLsGjFIad0wIsod4zrTAEQ==}
    engines: {node: '>=0.4'}
    dev: false
